
Microsoft Visual Studio Solution File, Format Version 12.00
# Visual Studio Version 17
VisualStudioVersion = 17.0.31903.59
MinimumVisualStudioVersion = 10.0.40219.1
Project("{FAE04EC0-301F-11D3-BF4B-00C04F79EFBC}") = "API", "API\API.csproj", "{C0397383-3056-4307-9E35-8A6A90D997F6}"
EndProject
Project("{FAE04EC0-301F-11D3-BF4B-00C04F79EFBC}") = "Application", "Application\Application.csproj", "{956754F8-9EF0-4182-AAAB-F10BA3645DAB}"
EndProject
Project("{FAE04EC0-301F-11D3-BF4B-00C04F79EFBC}") = "Domain", "Domain\Domain.csproj", "{406B4B82-299D-48FE-A907-FBD2D1FFBB32}"
EndProject
Project("{FAE04EC0-301F-11D3-BF4B-00C04F79EFBC}") = "Persistence", "Persistence\Persistence.csproj", "{B57AD9BA-CFAD-466A-AD73-A81E964174FC}"
EndProject
Global
	GlobalSection(SolutionConfigurationPlatforms) = preSolution
		Debug|Any CPU = Debug|Any CPU
		Release|Any CPU = Release|Any CPU
	EndGlobalSection
	GlobalSection(SolutionProperties) = preSolution
		HideSolutionNode = FALSE
	EndGlobalSection
	GlobalSection(ProjectConfigurationPlatforms) = postSolution
		{C0397383-3056-4307-9E35-8A6A90D997F6}.Debug|Any CPU.ActiveCfg = Debug|Any CPU
		{C0397383-3056-4307-9E35-8A6A90D997F6}.Debug|Any CPU.Build.0 = Debug|Any CPU
		{C0397383-3056-4307-9E35-8A6A90D997F6}.Release|Any CPU.ActiveCfg = Release|Any CPU
		{C0397383-3056-4307-9E35-8A6A90D997F6}.Release|Any CPU.Build.0 = Release|Any CPU
		{956754F8-9EF0-4182-AAAB-F10BA3645DAB}.Debug|Any CPU.ActiveCfg = Debug|Any CPU
		{956754F8-9EF0-4182-AAAB-F10BA3645DAB}.Debug|Any CPU.Build.0 = Debug|Any CPU
		{956754F8-9EF0-4182-AAAB-F10BA3645DAB}.Release|Any CPU.ActiveCfg = Release|Any CPU
		{956754F8-9EF0-4182-AAAB-F10BA3645DAB}.Release|Any CPU.Build.0 = Release|Any CPU
		{406B4B82-299D-48FE-A907-FBD2D1FFBB32}.Debug|Any CPU.ActiveCfg = Debug|Any CPU
		{406B4B82-299D-48FE-A907-FBD2D1FFBB32}.Debug|Any CPU.Build.0 = Debug|Any CPU
		{406B4B82-299D-48FE-A907-FBD2D1FFBB32}.Release|Any CPU.ActiveCfg = Release|Any CPU
		{406B4B82-299D-48FE-A907-FBD2D1FFBB32}.Release|Any CPU.Build.0 = Release|Any CPU
		{B57AD9BA-CFAD-466A-AD73-A81E964174FC}.Debug|Any CPU.ActiveCfg = Debug|Any CPU
		{B57AD9BA-CFAD-466A-AD73-A81E964174FC}.Debug|Any CPU.Build.0 = Debug|Any CPU
		{B57AD9BA-CFAD-466A-AD73-A81E964174FC}.Release|Any CPU.ActiveCfg = Release|Any CPU
		{B57AD9BA-CFAD-466A-AD73-A81E964174FC}.Release|Any CPU.Build.0 = Release|Any CPU
	EndGlobalSection
EndGlobal
